// !$*UTF8*$!
{
	archiveVersion = 1;
	classes = {
	};
	objectVersion = 56;
	objects = {

/* Begin PBXBuildFile section */
		6623ADE57D8544C8938695F6 /* Pods_Hong_Kong_Bus_ETA.framework in Frameworks */ = {isa = PBXBuildFile; fileRef = 82C2947EC139AF15ABF890B8 /* Pods_Hong_Kong_Bus_ETA.framework */; };
		7D3E72762B5D31C4009C57F5 /* HongKongBusETAApp.swift in Sources */ = {isa = PBXBuildFile; fileRef = 7D3E72752B5D31C4009C57F5 /* HongKongBusETAApp.swift */; };
		7D3E727A2B5D31C4009C57F5 /* Item.swift in Sources */ = {isa = PBXBuildFile; fileRef = 7D3E72792B5D31C4009C57F5 /* Item.swift */; };
		7D3E727C2B5D31C6009C57F5 /* Assets.xcassets in Resources */ = {isa = PBXBuildFile; fileRef = 7D3E727B2B5D31C6009C57F5 /* Assets.xcassets */; };
		7D3E72802B5D31C6009C57F5 /* Preview Assets.xcassets in Resources */ = {isa = PBXBuildFile; fileRef = 7D3E727F2B5D31C6009C57F5 /* Preview Assets.xcassets */; };
		7D3E72872B5D48C4009C57F5 /* RootCoordinator.swift in Sources */ = {isa = PBXBuildFile; fileRef = 7D3E72862B5D48C4009C57F5 /* RootCoordinator.swift */; };
		7D3E72892B5D48CD009C57F5 /* RootCoordinatorView.swift in Sources */ = {isa = PBXBuildFile; fileRef = 7D3E72882B5D48CD009C57F5 /* RootCoordinatorView.swift */; };
		7D6C33B12B78EA0700BA8820 /* Localizable.xcstrings in Resources */ = {isa = PBXBuildFile; fileRef = 7D6C33B02B78EA0700BA8820 /* Localizable.xcstrings */; };
		7D6C33B32B809CB900BA8820 /* InfoView.swift in Sources */ = {isa = PBXBuildFile; fileRef = 7D6C33B22B809CB900BA8820 /* InfoView.swift */; };
		7D6C33B52B809CE100BA8820 /* InfoViewModel.swift in Sources */ = {isa = PBXBuildFile; fileRef = 7D6C33B42B809CE100BA8820 /* InfoViewModel.swift */; };
		7D8CD0552B637EBC00C15741 /* BookmarkedBusStopETARowView.swift in Sources */ = {isa = PBXBuildFile; fileRef = 7D8CD0542B637EBC00C15741 /* BookmarkedBusStopETARowView.swift */; };
		7D8CD0572B637EC700C15741 /* BookmarkedBusStopETARowViewModel.swift in Sources */ = {isa = PBXBuildFile; fileRef = 7D8CD0562B637EC700C15741 /* BookmarkedBusStopETARowViewModel.swift */; };
		7D8CD0592B638FCC00C15741 /* ETARowView.swift in Sources */ = {isa = PBXBuildFile; fileRef = 7D8CD0582B638FCC00C15741 /* ETARowView.swift */; };
		7D8CD05B2B6DDE6B00C15741 /* UserDefaults+Extension.swift in Sources */ = {isa = PBXBuildFile; fileRef = 7D8CD05A2B6DDE6B00C15741 /* UserDefaults+Extension.swift */; };
		7D8CD05E2B6DEEAB00C15741 /* UIApplication+Extension.swift in Sources */ = {isa = PBXBuildFile; fileRef = 7D8CD05D2B6DEEAB00C15741 /* UIApplication+Extension.swift */; };
		7D8CD0602B774EB100C15741 /* MapKit+Extension.swift in Sources */ = {isa = PBXBuildFile; fileRef = 7D8CD05F2B774EB100C15741 /* MapKit+Extension.swift */; };
		7DE9AF652B5D4BC9009B7EF7 /* APIManager.swift in Sources */ = {isa = PBXBuildFile; fileRef = 7DE9AF642B5D4BC9009B7EF7 /* APIManager.swift */; };
		7DE9AF692B5D5122009B7EF7 /* BusRoutesView.swift in Sources */ = {isa = PBXBuildFile; fileRef = 7DE9AF682B5D5122009B7EF7 /* BusRoutesView.swift */; };
		7DE9AF6B2B5D512B009B7EF7 /* BusRoutesViewModel.swift in Sources */ = {isa = PBXBuildFile; fileRef = 7DE9AF6A2B5D512B009B7EF7 /* BusRoutesViewModel.swift */; };
		7DE9AF6F2B5D5408009B7EF7 /* CTBBusRouteModel.swift in Sources */ = {isa = PBXBuildFile; fileRef = 7DE9AF6E2B5D5408009B7EF7 /* CTBBusRouteModel.swift */; };
		7DE9AF712B5D572E009B7EF7 /* APIResponseModel.swift in Sources */ = {isa = PBXBuildFile; fileRef = 7DE9AF702B5D572E009B7EF7 /* APIResponseModel.swift */; };
		7DE9AF732B5D5B14009B7EF7 /* KMBBusRouteModel.swift in Sources */ = {isa = PBXBuildFile; fileRef = 7DE9AF722B5D5B14009B7EF7 /* KMBBusRouteModel.swift */; };
		7DE9AF752B5E0FCD009B7EF7 /* BusRouteDetailView.swift in Sources */ = {isa = PBXBuildFile; fileRef = 7DE9AF742B5E0FCD009B7EF7 /* BusRouteDetailView.swift */; };
		7DE9AF772B5E0FDE009B7EF7 /* BusRouteDetailViewModel.swift in Sources */ = {isa = PBXBuildFile; fileRef = 7DE9AF762B5E0FDE009B7EF7 /* BusRouteDetailViewModel.swift */; };
		7DE9AF792B5E189A009B7EF7 /* KMBBusStopModel.swift in Sources */ = {isa = PBXBuildFile; fileRef = 7DE9AF782B5E189A009B7EF7 /* KMBBusStopModel.swift */; };
		7DE9AF7B2B5E1B2F009B7EF7 /* CTBBusStopModel.swift in Sources */ = {isa = PBXBuildFile; fileRef = 7DE9AF7A2B5E1B2F009B7EF7 /* CTBBusStopModel.swift */; };
		7DE9AF7D2B5E2AF5009B7EF7 /* BusStopRowView.swift in Sources */ = {isa = PBXBuildFile; fileRef = 7DE9AF7C2B5E2AF5009B7EF7 /* BusStopRowView.swift */; };
		7DE9AF7F2B5E2B0D009B7EF7 /* BusStopRowViewModel.swift in Sources */ = {isa = PBXBuildFile; fileRef = 7DE9AF7E2B5E2B0D009B7EF7 /* BusStopRowViewModel.swift */; };
		7DE9AF812B5E3025009B7EF7 /* CTBBusStopDetailModel.swift in Sources */ = {isa = PBXBuildFile; fileRef = 7DE9AF802B5E3025009B7EF7 /* CTBBusStopDetailModel.swift */; };
		7DE9AF832B5E34AF009B7EF7 /* KMBBusStopDetailModel.swift in Sources */ = {isa = PBXBuildFile; fileRef = 7DE9AF822B5E34AF009B7EF7 /* KMBBusStopDetailModel.swift */; };
		7DE9AF852B5E41E6009B7EF7 /* BusStopDetailView.swift in Sources */ = {isa = PBXBuildFile; fileRef = 7DE9AF842B5E41E6009B7EF7 /* BusStopDetailView.swift */; };
		7DE9AF872B5E41F2009B7EF7 /* BusStopDetailViewModel.swift in Sources */ = {isa = PBXBuildFile; fileRef = 7DE9AF862B5E41F2009B7EF7 /* BusStopDetailViewModel.swift */; };
		7DE9AF892B5E4944009B7EF7 /* BusETAModel.swift in Sources */ = {isa = PBXBuildFile; fileRef = 7DE9AF882B5E4944009B7EF7 /* BusETAModel.swift */; };
		7DE9AF8C2B5EC0DA009B7EF7 /* Array+Extension.swift in Sources */ = {isa = PBXBuildFile; fileRef = 7DE9AF8B2B5EC0DA009B7EF7 /* Array+Extension.swift */; };
		7DE9AF8E2B5EC352009B7EF7 /* BusRoutesDataProvider.swift in Sources */ = {isa = PBXBuildFile; fileRef = 7DE9AF8D2B5EC352009B7EF7 /* BusRoutesDataProvider.swift */; };
		7DE9AF902B615427009B7EF7 /* DataStorage.swift in Sources */ = {isa = PBXBuildFile; fileRef = 7DE9AF8F2B615427009B7EF7 /* DataStorage.swift */; };
		7DE9AF932B61611B009B7EF7 /* BusStopETA.swift in Sources */ = {isa = PBXBuildFile; fileRef = 7DE9AF922B61611B009B7EF7 /* BusStopETA.swift */; };
		7DE9AF952B635E7A009B7EF7 /* BusStopETAListView.swift in Sources */ = {isa = PBXBuildFile; fileRef = 7DE9AF942B635E7A009B7EF7 /* BusStopETAListView.swift */; };
		7DE9AF972B635E88009B7EF7 /* BusStopETAListViewModel.swift in Sources */ = {isa = PBXBuildFile; fileRef = 7DE9AF962B635E88009B7EF7 /* BusStopETAListViewModel.swift */; };
/* End PBXBuildFile section */

/* Begin PBXFileReference section */
		389C2C787A5617E5B1365371 /* Pods-Hong Kong Bus ETA.release.xcconfig */ = {isa = PBXFileReference; includeInIndex = 1; lastKnownFileType = text.xcconfig; name = "Pods-Hong Kong Bus ETA.release.xcconfig"; path = "Target Support Files/Pods-Hong Kong Bus ETA/Pods-Hong Kong Bus ETA.release.xcconfig"; sourceTree = "<group>"; };
		7D3E72722B5D31C4009C57F5 /* Hong Kong Bus ETA.app */ = {isa = PBXFileReference; explicitFileType = wrapper.application; includeInIndex = 0; path = "Hong Kong Bus ETA.app"; sourceTree = BUILT_PRODUCTS_DIR; };
		7D3E72752B5D31C4009C57F5 /* HongKongBusETAApp.swift */ = {isa = PBXFileReference; lastKnownFileType = sourcecode.swift; path = HongKongBusETAApp.swift; sourceTree = "<group>"; };
		7D3E72792B5D31C4009C57F5 /* Item.swift */ = {isa = PBXFileReference; lastKnownFileType = sourcecode.swift; path = Item.swift; sourceTree = "<group>"; };
		7D3E727B2B5D31C6009C57F5 /* Assets.xcassets */ = {isa = PBXFileReference; lastKnownFileType = folder.assetcatalog; path = Assets.xcassets; sourceTree = "<group>"; };
		7D3E727D2B5D31C6009C57F5 /* Hong_Kong_Bus_ETA.entitlements */ = {isa = PBXFileReference; lastKnownFileType = text.plist.entitlements; path = Hong_Kong_Bus_ETA.entitlements; sourceTree = "<group>"; };
		7D3E727F2B5D31C6009C57F5 /* Preview Assets.xcassets */ = {isa = PBXFileReference; lastKnownFileType = folder.assetcatalog; path = "Preview Assets.xcassets"; sourceTree = "<group>"; };
		7D3E72862B5D48C4009C57F5 /* RootCoordinator.swift */ = {isa = PBXFileReference; lastKnownFileType = sourcecode.swift; path = RootCoordinator.swift; sourceTree = "<group>"; };
		7D3E72882B5D48CD009C57F5 /* RootCoordinatorView.swift */ = {isa = PBXFileReference; lastKnownFileType = sourcecode.swift; path = RootCoordinatorView.swift; sourceTree = "<group>"; };
		7D6C33B02B78EA0700BA8820 /* Localizable.xcstrings */ = {isa = PBXFileReference; lastKnownFileType = text.json.xcstrings; path = Localizable.xcstrings; sourceTree = "<group>"; };
		7D6C33B22B809CB900BA8820 /* InfoView.swift */ = {isa = PBXFileReference; lastKnownFileType = sourcecode.swift; path = InfoView.swift; sourceTree = "<group>"; };
		7D6C33B42B809CE100BA8820 /* InfoViewModel.swift */ = {isa = PBXFileReference; lastKnownFileType = sourcecode.swift; path = InfoViewModel.swift; sourceTree = "<group>"; };
		7D8CD0542B637EBC00C15741 /* BookmarkedBusStopETARowView.swift */ = {isa = PBXFileReference; lastKnownFileType = sourcecode.swift; path = BookmarkedBusStopETARowView.swift; sourceTree = "<group>"; };
		7D8CD0562B637EC700C15741 /* BookmarkedBusStopETARowViewModel.swift */ = {isa = PBXFileReference; lastKnownFileType = sourcecode.swift; path = BookmarkedBusStopETARowViewModel.swift; sourceTree = "<group>"; };
		7D8CD0582B638FCC00C15741 /* ETARowView.swift */ = {isa = PBXFileReference; lastKnownFileType = sourcecode.swift; path = ETARowView.swift; sourceTree = "<group>"; };
		7D8CD05A2B6DDE6B00C15741 /* UserDefaults+Extension.swift */ = {isa = PBXFileReference; lastKnownFileType = sourcecode.swift; path = "UserDefaults+Extension.swift"; sourceTree = "<group>"; };
		7D8CD05C2B6DED3300C15741 /* Hong-Kong-Bus-ETA-Info.plist */ = {isa = PBXFileReference; lastKnownFileType = text.plist; path = "Hong-Kong-Bus-ETA-Info.plist"; sourceTree = SOURCE_ROOT; };
		7D8CD05D2B6DEEAB00C15741 /* UIApplication+Extension.swift */ = {isa = PBXFileReference; lastKnownFileType = sourcecode.swift; path = "UIApplication+Extension.swift"; sourceTree = "<group>"; };
		7D8CD05F2B774EB100C15741 /* MapKit+Extension.swift */ = {isa = PBXFileReference; lastKnownFileType = sourcecode.swift; path = "MapKit+Extension.swift"; sourceTree = "<group>"; };
		7DE9AF642B5D4BC9009B7EF7 /* APIManager.swift */ = {isa = PBXFileReference; lastKnownFileType = sourcecode.swift; path = APIManager.swift; sourceTree = "<group>"; };
		7DE9AF682B5D5122009B7EF7 /* BusRoutesView.swift */ = {isa = PBXFileReference; lastKnownFileType = sourcecode.swift; path = BusRoutesView.swift; sourceTree = "<group>"; };
		7DE9AF6A2B5D512B009B7EF7 /* BusRoutesViewModel.swift */ = {isa = PBXFileReference; lastKnownFileType = sourcecode.swift; path = BusRoutesViewModel.swift; sourceTree = "<group>"; };
		7DE9AF6E2B5D5408009B7EF7 /* CTBBusRouteModel.swift */ = {isa = PBXFileReference; lastKnownFileType = sourcecode.swift; path = CTBBusRouteModel.swift; sourceTree = "<group>"; };
		7DE9AF702B5D572E009B7EF7 /* APIResponseModel.swift */ = {isa = PBXFileReference; lastKnownFileType = sourcecode.swift; path = APIResponseModel.swift; sourceTree = "<group>"; };
		7DE9AF722B5D5B14009B7EF7 /* KMBBusRouteModel.swift */ = {isa = PBXFileReference; lastKnownFileType = sourcecode.swift; path = KMBBusRouteModel.swift; sourceTree = "<group>"; };
		7DE9AF742B5E0FCD009B7EF7 /* BusRouteDetailView.swift */ = {isa = PBXFileReference; lastKnownFileType = sourcecode.swift; path = BusRouteDetailView.swift; sourceTree = "<group>"; };
		7DE9AF762B5E0FDE009B7EF7 /* BusRouteDetailViewModel.swift */ = {isa = PBXFileReference; lastKnownFileType = sourcecode.swift; path = BusRouteDetailViewModel.swift; sourceTree = "<group>"; };
		7DE9AF782B5E189A009B7EF7 /* KMBBusStopModel.swift */ = {isa = PBXFileReference; lastKnownFileType = sourcecode.swift; path = KMBBusStopModel.swift; sourceTree = "<group>"; };
		7DE9AF7A2B5E1B2F009B7EF7 /* CTBBusStopModel.swift */ = {isa = PBXFileReference; lastKnownFileType = sourcecode.swift; path = CTBBusStopModel.swift; sourceTree = "<group>"; };
		7DE9AF7C2B5E2AF5009B7EF7 /* BusStopRowView.swift */ = {isa = PBXFileReference; lastKnownFileType = sourcecode.swift; path = BusStopRowView.swift; sourceTree = "<group>"; };
		7DE9AF7E2B5E2B0D009B7EF7 /* BusStopRowViewModel.swift */ = {isa = PBXFileReference; lastKnownFileType = sourcecode.swift; path = BusStopRowViewModel.swift; sourceTree = "<group>"; };
		7DE9AF802B5E3025009B7EF7 /* CTBBusStopDetailModel.swift */ = {isa = PBXFileReference; lastKnownFileType = sourcecode.swift; path = CTBBusStopDetailModel.swift; sourceTree = "<group>"; };
		7DE9AF822B5E34AF009B7EF7 /* KMBBusStopDetailModel.swift */ = {isa = PBXFileReference; lastKnownFileType = sourcecode.swift; path = KMBBusStopDetailModel.swift; sourceTree = "<group>"; };
		7DE9AF842B5E41E6009B7EF7 /* BusStopDetailView.swift */ = {isa = PBXFileReference; lastKnownFileType = sourcecode.swift; path = BusStopDetailView.swift; sourceTree = "<group>"; };
		7DE9AF862B5E41F2009B7EF7 /* BusStopDetailViewModel.swift */ = {isa = PBXFileReference; lastKnownFileType = sourcecode.swift; path = BusStopDetailViewModel.swift; sourceTree = "<group>"; };
		7DE9AF882B5E4944009B7EF7 /* BusETAModel.swift */ = {isa = PBXFileReference; lastKnownFileType = sourcecode.swift; path = BusETAModel.swift; sourceTree = "<group>"; };
		7DE9AF8B2B5EC0DA009B7EF7 /* Array+Extension.swift */ = {isa = PBXFileReference; lastKnownFileType = sourcecode.swift; path = "Array+Extension.swift"; sourceTree = "<group>"; };
		7DE9AF8D2B5EC352009B7EF7 /* BusRoutesDataProvider.swift */ = {isa = PBXFileReference; lastKnownFileType = sourcecode.swift; path = BusRoutesDataProvider.swift; sourceTree = "<group>"; };
		7DE9AF8F2B615427009B7EF7 /* DataStorage.swift */ = {isa = PBXFileReference; lastKnownFileType = sourcecode.swift; path = DataStorage.swift; sourceTree = "<group>"; };
		7DE9AF922B61611B009B7EF7 /* BusStopETA.swift */ = {isa = PBXFileReference; lastKnownFileType = sourcecode.swift; path = BusStopETA.swift; sourceTree = "<group>"; };
		7DE9AF942B635E7A009B7EF7 /* BusStopETAListView.swift */ = {isa = PBXFileReference; lastKnownFileType = sourcecode.swift; path = BusStopETAListView.swift; sourceTree = "<group>"; };
		7DE9AF962B635E88009B7EF7 /* BusStopETAListViewModel.swift */ = {isa = PBXFileReference; lastKnownFileType = sourcecode.swift; path = BusStopETAListViewModel.swift; sourceTree = "<group>"; };
		82C2947EC139AF15ABF890B8 /* Pods_Hong_Kong_Bus_ETA.framework */ = {isa = PBXFileReference; explicitFileType = wrapper.framework; includeInIndex = 0; path = Pods_Hong_Kong_Bus_ETA.framework; sourceTree = BUILT_PRODUCTS_DIR; };
		90DA5DD5B8865902CBF6FB64 /* Pods-Hong Kong Bus ETA.debug.xcconfig */ = {isa = PBXFileReference; includeInIndex = 1; lastKnownFileType = text.xcconfig; name = "Pods-Hong Kong Bus ETA.debug.xcconfig"; path = "Target Support Files/Pods-Hong Kong Bus ETA/Pods-Hong Kong Bus ETA.debug.xcconfig"; sourceTree = "<group>"; };
/* End PBXFileReference section */

/* Begin PBXFrameworksBuildPhase section */
		7D3E726F2B5D31C4009C57F5 /* Frameworks */ = {
			isa = PBXFrameworksBuildPhase;
			buildActionMask = 2147483647;
			files = (
				6623ADE57D8544C8938695F6 /* Pods_Hong_Kong_Bus_ETA.framework in Frameworks */,
			);
			runOnlyForDeploymentPostprocessing = 0;
		};
/* End PBXFrameworksBuildPhase section */

/* Begin PBXGroup section */
		797EB6E6828434EF47C57345 /* Frameworks */ = {
			isa = PBXGroup;
			children = (
				82C2947EC139AF15ABF890B8 /* Pods_Hong_Kong_Bus_ETA.framework */,
			);
			name = Frameworks;
			sourceTree = "<group>";
		};
		7D3E72692B5D31C4009C57F5 = {
			isa = PBXGroup;
			children = (
				7D3E72742B5D31C4009C57F5 /* Hong Kong Bus ETA */,
				7D3E72732B5D31C4009C57F5 /* Products */,
				A61F29420E7F2D929E76E33A /* Pods */,
				797EB6E6828434EF47C57345 /* Frameworks */,
			);
			sourceTree = "<group>";
		};
		7D3E72732B5D31C4009C57F5 /* Products */ = {
			isa = PBXGroup;
			children = (
				7D3E72722B5D31C4009C57F5 /* Hong Kong Bus ETA.app */,
			);
			name = Products;
			sourceTree = "<group>";
		};
		7D3E72742B5D31C4009C57F5 /* Hong Kong Bus ETA */ = {
			isa = PBXGroup;
			children = (
				7D8CD05C2B6DED3300C15741 /* Hong-Kong-Bus-ETA-Info.plist */,
				7DE9AF8A2B5EC0B7009B7EF7 /* Extnesion */,
				7DE9AF6D2B5D53F0009B7EF7 /* Model */,
				7DE9AF6C2B5D52E5009B7EF7 /* Coordinator */,
				7DE9AF672B5D50D4009B7EF7 /* View */,
				7DE9AF662B5D50CC009B7EF7 /* View Model */,
				7D3E72752B5D31C4009C57F5 /* HongKongBusETAApp.swift */,
				7D3E72792B5D31C4009C57F5 /* Item.swift */,
				7D3E727B2B5D31C6009C57F5 /* Assets.xcassets */,
				7D3E727D2B5D31C6009C57F5 /* Hong_Kong_Bus_ETA.entitlements */,
				7D3E727E2B5D31C6009C57F5 /* Preview Content */,
				7DE9AF642B5D4BC9009B7EF7 /* APIManager.swift */,
				7DE9AF8D2B5EC352009B7EF7 /* BusRoutesDataProvider.swift */,
				7DE9AF8F2B615427009B7EF7 /* DataStorage.swift */,
				7D6C33B02B78EA0700BA8820 /* Localizable.xcstrings */,
			);
			path = "Hong Kong Bus ETA";
			sourceTree = "<group>";
		};
		7D3E727E2B5D31C6009C57F5 /* Preview Content */ = {
			isa = PBXGroup;
			children = (
				7D3E727F2B5D31C6009C57F5 /* Preview Assets.xcassets */,
			);
			path = "Preview Content";
			sourceTree = "<group>";
		};
		7DE9AF662B5D50CC009B7EF7 /* View Model */ = {
			isa = PBXGroup;
			children = (
				7DE9AF6A2B5D512B009B7EF7 /* BusRoutesViewModel.swift */,
				7DE9AF762B5E0FDE009B7EF7 /* BusRouteDetailViewModel.swift */,
				7DE9AF7E2B5E2B0D009B7EF7 /* BusStopRowViewModel.swift */,
				7DE9AF862B5E41F2009B7EF7 /* BusStopDetailViewModel.swift */,
				7DE9AF962B635E88009B7EF7 /* BusStopETAListViewModel.swift */,
				7D8CD0562B637EC700C15741 /* BookmarkedBusStopETARowViewModel.swift */,
				7D6C33B42B809CE100BA8820 /* InfoViewModel.swift */,
			);
			path = "View Model";
			sourceTree = "<group>";
		};
		7DE9AF672B5D50D4009B7EF7 /* View */ = {
			isa = PBXGroup;
			children = (
				7D3E72882B5D48CD009C57F5 /* RootCoordinatorView.swift */,
				7DE9AF682B5D5122009B7EF7 /* BusRoutesView.swift */,
				7DE9AF742B5E0FCD009B7EF7 /* BusRouteDetailView.swift */,
				7DE9AF7C2B5E2AF5009B7EF7 /* BusStopRowView.swift */,
				7DE9AF842B5E41E6009B7EF7 /* BusStopDetailView.swift */,
				7DE9AF942B635E7A009B7EF7 /* BusStopETAListView.swift */,
				7D8CD0542B637EBC00C15741 /* BookmarkedBusStopETARowView.swift */,
				7D8CD0582B638FCC00C15741 /* ETARowView.swift */,
				7D6C33B22B809CB900BA8820 /* InfoView.swift */,
			);
			path = View;
			sourceTree = "<group>";
		};
		7DE9AF6C2B5D52E5009B7EF7 /* Coordinator */ = {
			isa = PBXGroup;
			children = (
				7D3E72862B5D48C4009C57F5 /* RootCoordinator.swift */,
			);
			path = Coordinator;
			sourceTree = "<group>";
		};
		7DE9AF6D2B5D53F0009B7EF7 /* Model */ = {
			isa = PBXGroup;
			children = (
				7DE9AF912B616112009B7EF7 /* SwiftData */,
				7DE9AF6E2B5D5408009B7EF7 /* CTBBusRouteModel.swift */,
				7DE9AF702B5D572E009B7EF7 /* APIResponseModel.swift */,
				7DE9AF722B5D5B14009B7EF7 /* KMBBusRouteModel.swift */,
				7DE9AF782B5E189A009B7EF7 /* KMBBusStopModel.swift */,
				7DE9AF7A2B5E1B2F009B7EF7 /* CTBBusStopModel.swift */,
				7DE9AF802B5E3025009B7EF7 /* CTBBusStopDetailModel.swift */,
				7DE9AF822B5E34AF009B7EF7 /* KMBBusStopDetailModel.swift */,
				7DE9AF882B5E4944009B7EF7 /* BusETAModel.swift */,
			);
			path = Model;
			sourceTree = "<group>";
		};
		7DE9AF8A2B5EC0B7009B7EF7 /* Extnesion */ = {
			isa = PBXGroup;
			children = (
				7DE9AF8B2B5EC0DA009B7EF7 /* Array+Extension.swift */,
				7D8CD05A2B6DDE6B00C15741 /* UserDefaults+Extension.swift */,
				7D8CD05D2B6DEEAB00C15741 /* UIApplication+Extension.swift */,
				7D8CD05F2B774EB100C15741 /* MapKit+Extension.swift */,
			);
			path = Extnesion;
			sourceTree = "<group>";
		};
		7DE9AF912B616112009B7EF7 /* SwiftData */ = {
			isa = PBXGroup;
			children = (
				7DE9AF922B61611B009B7EF7 /* BusStopETA.swift */,
			);
			path = SwiftData;
			sourceTree = "<group>";
		};
		A61F29420E7F2D929E76E33A /* Pods */ = {
			isa = PBXGroup;
			children = (
				90DA5DD5B8865902CBF6FB64 /* Pods-Hong Kong Bus ETA.debug.xcconfig */,
				389C2C787A5617E5B1365371 /* Pods-Hong Kong Bus ETA.release.xcconfig */,
			);
			path = Pods;
			sourceTree = "<group>";
		};
/* End PBXGroup section */

/* Begin PBXNativeTarget section */
		7D3E72712B5D31C4009C57F5 /* Hong Kong Bus ETA */ = {
			isa = PBXNativeTarget;
			buildConfigurationList = 7D3E72832B5D31C6009C57F5 /* Build configuration list for PBXNativeTarget "Hong Kong Bus ETA" */;
			buildPhases = (
				9BF8BA54628BA92F5A858161 /* [CP] Check Pods Manifest.lock */,
				7D3E726E2B5D31C4009C57F5 /* Sources */,
				7D3E726F2B5D31C4009C57F5 /* Frameworks */,
				7D3E72702B5D31C4009C57F5 /* Resources */,
				B9AD5BC3496554C959CF1CAA /* [CP] Embed Pods Frameworks */,
			);
			buildRules = (
			);
			dependencies = (
			);
			name = "Hong Kong Bus ETA";
			productName = "Hong Kong Bus ETA";
			productReference = 7D3E72722B5D31C4009C57F5 /* Hong Kong Bus ETA.app */;
			productType = "com.apple.product-type.application";
		};
/* End PBXNativeTarget section */

/* Begin PBXProject section */
		7D3E726A2B5D31C4009C57F5 /* Project object */ = {
			isa = PBXProject;
			attributes = {
				BuildIndependentTargetsInParallel = 1;
				LastSwiftUpdateCheck = 1500;
				LastUpgradeCheck = 1500;
				TargetAttributes = {
					7D3E72712B5D31C4009C57F5 = {
						CreatedOnToolsVersion = 15.0;
					};
				};
			};
			buildConfigurationList = 7D3E726D2B5D31C4009C57F5 /* Build configuration list for PBXProject "Hong Kong Bus ETA" */;
			compatibilityVersion = "Xcode 14.0";
			developmentRegion = en;
			hasScannedForEncodings = 0;
			knownRegions = (
				en,
				Base,
				"zh-Hant",
			);
			mainGroup = 7D3E72692B5D31C4009C57F5;
			productRefGroup = 7D3E72732B5D31C4009C57F5 /* Products */;
			projectDirPath = "";
			projectRoot = "";
			targets = (
				7D3E72712B5D31C4009C57F5 /* Hong Kong Bus ETA */,
			);
		};
/* End PBXProject section */

/* Begin PBXResourcesBuildPhase section */
		7D3E72702B5D31C4009C57F5 /* Resources */ = {
			isa = PBXResourcesBuildPhase;
			buildActionMask = 2147483647;
			files = (
				7D3E72802B5D31C6009C57F5 /* Preview Assets.xcassets in Resources */,
				7D3E727C2B5D31C6009C57F5 /* Assets.xcassets in Resources */,
				7D6C33B12B78EA0700BA8820 /* Localizable.xcstrings in Resources */,
			);
			runOnlyForDeploymentPostprocessing = 0;
		};
/* End PBXResourcesBuildPhase section */

/* Begin PBXShellScriptBuildPhase section */
		9BF8BA54628BA92F5A858161 /* [CP] Check Pods Manifest.lock */ = {
			isa = PBXShellScriptBuildPhase;
			buildActionMask = 2147483647;
			files = (
			);
			inputFileListPaths = (
			);
			inputPaths = (
				"${PODS_PODFILE_DIR_PATH}/Podfile.lock",
				"${PODS_ROOT}/Manifest.lock",
			);
			name = "[CP] Check Pods Manifest.lock";
			outputFileListPaths = (
			);
			outputPaths = (
				"$(DERIVED_FILE_DIR)/Pods-Hong Kong Bus ETA-checkManifestLockResult.txt",
			);
			runOnlyForDeploymentPostprocessing = 0;
			shellPath = /bin/sh;
			shellScript = "diff \"${PODS_PODFILE_DIR_PATH}/Podfile.lock\" \"${PODS_ROOT}/Manifest.lock\" > /dev/null\nif [ $? != 0 ] ; then\n    # print error to STDERR\n    echo \"error: The sandbox is not in sync with the Podfile.lock. Run 'pod install' or update your CocoaPods installation.\" >&2\n    exit 1\nfi\n# This output is used by Xcode 'outputs' to avoid re-running this script phase.\necho \"SUCCESS\" > \"${SCRIPT_OUTPUT_FILE_0}\"\n";
			showEnvVarsInLog = 0;
		};
		B9AD5BC3496554C959CF1CAA /* [CP] Embed Pods Frameworks */ = {
			isa = PBXShellScriptBuildPhase;
			buildActionMask = 2147483647;
			files = (
			);
			inputFileListPaths = (
				"${PODS_ROOT}/Target Support Files/Pods-Hong Kong Bus ETA/Pods-Hong Kong Bus ETA-frameworks-${CONFIGURATION}-input-files.xcfilelist",
			);
			name = "[CP] Embed Pods Frameworks";
			outputFileListPaths = (
				"${PODS_ROOT}/Target Support Files/Pods-Hong Kong Bus ETA/Pods-Hong Kong Bus ETA-frameworks-${CONFIGURATION}-output-files.xcfilelist",
			);
			runOnlyForDeploymentPostprocessing = 0;
			shellPath = /bin/sh;
			shellScript = "\"${PODS_ROOT}/Target Support Files/Pods-Hong Kong Bus ETA/Pods-Hong Kong Bus ETA-frameworks.sh\"\n";
			showEnvVarsInLog = 0;
		};
/* End PBXShellScriptBuildPhase section */

/* Begin PBXSourcesBuildPhase section */
		7D3E726E2B5D31C4009C57F5 /* Sources */ = {
			isa = PBXSourcesBuildPhase;
			buildActionMask = 2147483647;
			files = (
				7DE9AF952B635E7A009B7EF7 /* BusStopETAListView.swift in Sources */,
				7DE9AF832B5E34AF009B7EF7 /* KMBBusStopDetailModel.swift in Sources */,
				7DE9AF692B5D5122009B7EF7 /* BusRoutesView.swift in Sources */,
				7DE9AF652B5D4BC9009B7EF7 /* APIManager.swift in Sources */,
				7DE9AF7D2B5E2AF5009B7EF7 /* BusStopRowView.swift in Sources */,
				7D6C33B32B809CB900BA8820 /* InfoView.swift in Sources */,
				7DE9AF902B615427009B7EF7 /* DataStorage.swift in Sources */,
				7DE9AF852B5E41E6009B7EF7 /* BusStopDetailView.swift in Sources */,
				7D8CD0602B774EB100C15741 /* MapKit+Extension.swift in Sources */,
				7DE9AF7B2B5E1B2F009B7EF7 /* CTBBusStopModel.swift in Sources */,
				7D8CD0572B637EC700C15741 /* BookmarkedBusStopETARowViewModel.swift in Sources */,
				7DE9AF792B5E189A009B7EF7 /* KMBBusStopModel.swift in Sources */,
				7D8CD0552B637EBC00C15741 /* BookmarkedBusStopETARowView.swift in Sources */,
				7DE9AF812B5E3025009B7EF7 /* CTBBusStopDetailModel.swift in Sources */,
				7DE9AF892B5E4944009B7EF7 /* BusETAModel.swift in Sources */,
				7DE9AF732B5D5B14009B7EF7 /* KMBBusRouteModel.swift in Sources */,
				7D3E72872B5D48C4009C57F5 /* RootCoordinator.swift in Sources */,
				7DE9AF712B5D572E009B7EF7 /* APIResponseModel.swift in Sources */,
				7DE9AF932B61611B009B7EF7 /* BusStopETA.swift in Sources */,
				7DE9AF6F2B5D5408009B7EF7 /* CTBBusRouteModel.swift in Sources */,
				7D6C33B52B809CE100BA8820 /* InfoViewModel.swift in Sources */,
				7DE9AF8C2B5EC0DA009B7EF7 /* Array+Extension.swift in Sources */,
				7D8CD05E2B6DEEAB00C15741 /* UIApplication+Extension.swift in Sources */,
				7DE9AF872B5E41F2009B7EF7 /* BusStopDetailViewModel.swift in Sources */,
				7D8CD0592B638FCC00C15741 /* ETARowView.swift in Sources */,
				7DE9AF772B5E0FDE009B7EF7 /* BusRouteDetailViewModel.swift in Sources */,
				7D8CD05B2B6DDE6B00C15741 /* UserDefaults+Extension.swift in Sources */,
				7DE9AF7F2B5E2B0D009B7EF7 /* BusStopRowViewModel.swift in Sources */,
				7DE9AF6B2B5D512B009B7EF7 /* BusRoutesViewModel.swift in Sources */,
				7D3E727A2B5D31C4009C57F5 /* Item.swift in Sources */,
				7D3E72892B5D48CD009C57F5 /* RootCoordinatorView.swift in Sources */,
				7DE9AF752B5E0FCD009B7EF7 /* BusRouteDetailView.swift in Sources */,
				7D3E72762B5D31C4009C57F5 /* HongKongBusETAApp.swift in Sources */,
				7DE9AF972B635E88009B7EF7 /* BusStopETAListViewModel.swift in Sources */,
				7DE9AF8E2B5EC352009B7EF7 /* BusRoutesDataProvider.swift in Sources */,
			);
			runOnlyForDeploymentPostprocessing = 0;
		};
/* End PBXSourcesBuildPhase section */

/* Begin XCBuildConfiguration section */
		7D3E72812B5D31C6009C57F5 /* Debug */ = {
			isa = XCBuildConfiguration;
			buildSettings = {
				ALWAYS_SEARCH_USER_PATHS = NO;
				ASSETCATALOG_COMPILER_GENERATE_SWIFT_ASSET_SYMBOL_EXTENSIONS = YES;
				CLANG_ANALYZER_NONNULL = YES;
				CLANG_ANALYZER_NUMBER_OBJECT_CONVERSION = YES_AGGRESSIVE;
				CLANG_CXX_LANGUAGE_STANDARD = "gnu++20";
				CLANG_ENABLE_MODULES = YES;
				CLANG_ENABLE_OBJC_ARC = YES;
				CLANG_ENABLE_OBJC_WEAK = YES;
				CLANG_WARN_BLOCK_CAPTURE_AUTORELEASING = YES;
				CLANG_WARN_BOOL_CONVERSION = YES;
				CLANG_WARN_COMMA = YES;
				CLANG_WARN_CONSTANT_CONVERSION = YES;
				CLANG_WARN_DEPRECATED_OBJC_IMPLEMENTATIONS = YES;
				CLANG_WARN_DIRECT_OBJC_ISA_USAGE = YES_ERROR;
				CLANG_WARN_DOCUMENTATION_COMMENTS = YES;
				CLANG_WARN_EMPTY_BODY = YES;
				CLANG_WARN_ENUM_CONVERSION = YES;
				CLANG_WARN_INFINITE_RECURSION = YES;
				CLANG_WARN_INT_CONVERSION = YES;
				CLANG_WARN_NON_LITERAL_NULL_CONVERSION = YES;
				CLANG_WARN_OBJC_IMPLICIT_RETAIN_SELF = YES;
				CLANG_WARN_OBJC_LITERAL_CONVERSION = YES;
				CLANG_WARN_OBJC_ROOT_CLASS = YES_ERROR;
				CLANG_WARN_QUOTED_INCLUDE_IN_FRAMEWORK_HEADER = YES;
				CLANG_WARN_RANGE_LOOP_ANALYSIS = YES;
				CLANG_WARN_STRICT_PROTOTYPES = YES;
				CLANG_WARN_SUSPICIOUS_MOVE = YES;
				CLANG_WARN_UNGUARDED_AVAILABILITY = YES_AGGRESSIVE;
				CLANG_WARN_UNREACHABLE_CODE = YES;
				CLANG_WARN__DUPLICATE_METHOD_MATCH = YES;
				COPY_PHASE_STRIP = NO;
				DEBUG_INFORMATION_FORMAT = dwarf;
				ENABLE_STRICT_OBJC_MSGSEND = YES;
				ENABLE_TESTABILITY = YES;
				ENABLE_USER_SCRIPT_SANDBOXING = YES;
				GCC_C_LANGUAGE_STANDARD = gnu17;
				GCC_DYNAMIC_NO_PIC = NO;
				GCC_NO_COMMON_BLOCKS = YES;
				GCC_OPTIMIZATION_LEVEL = 0;
				GCC_PREPROCESSOR_DEFINITIONS = (
					"DEBUG=1",
					"$(inherited)",
				);
				GCC_WARN_64_TO_32_BIT_CONVERSION = YES;
				GCC_WARN_ABOUT_RETURN_TYPE = YES_ERROR;
				GCC_WARN_UNDECLARED_SELECTOR = YES;
				GCC_WARN_UNINITIALIZED_AUTOS = YES_AGGRESSIVE;
				GCC_WARN_UNUSED_FUNCTION = YES;
				GCC_WARN_UNUSED_VARIABLE = YES;
				LOCALIZATION_PREFERS_STRING_CATALOGS = YES;
				MTL_ENABLE_DEBUG_INFO = INCLUDE_SOURCE;
				MTL_FAST_MATH = YES;
				ONLY_ACTIVE_ARCH = YES;
				SWIFT_ACTIVE_COMPILATION_CONDITIONS = "DEBUG $(inherited)";
				SWIFT_OPTIMIZATION_LEVEL = "-Onone";
			};
			name = Debug;
		};
		7D3E72822B5D31C6009C57F5 /* Release */ = {
			isa = XCBuildConfiguration;
			buildSettings = {
				ALWAYS_SEARCH_USER_PATHS = NO;
				ASSETCATALOG_COMPILER_GENERATE_SWIFT_ASSET_SYMBOL_EXTENSIONS = YES;
				CLANG_ANALYZER_NONNULL = YES;
				CLANG_ANALYZER_NUMBER_OBJECT_CONVERSION = YES_AGGRESSIVE;
				CLANG_CXX_LANGUAGE_STANDARD = "gnu++20";
				CLANG_ENABLE_MODULES = YES;
				CLANG_ENABLE_OBJC_ARC = YES;
				CLANG_ENABLE_OBJC_WEAK = YES;
				CLANG_WARN_BLOCK_CAPTURE_AUTORELEASING = YES;
				CLANG_WARN_BOOL_CONVERSION = YES;
				CLANG_WARN_COMMA = YES;
				CLANG_WARN_CONSTANT_CONVERSION = YES;
				CLANG_WARN_DEPRECATED_OBJC_IMPLEMENTATIONS = YES;
				CLANG_WARN_DIRECT_OBJC_ISA_USAGE = YES_ERROR;
				CLANG_WARN_DOCUMENTATION_COMMENTS = YES;
				CLANG_WARN_EMPTY_BODY = YES;
				CLANG_WARN_ENUM_CONVERSION = YES;
				CLANG_WARN_INFINITE_RECURSION = YES;
				CLANG_WARN_INT_CONVERSION = YES;
				CLANG_WARN_NON_LITERAL_NULL_CONVERSION = YES;
				CLANG_WARN_OBJC_IMPLICIT_RETAIN_SELF = YES;
				CLANG_WARN_OBJC_LITERAL_CONVERSION = YES;
				CLANG_WARN_OBJC_ROOT_CLASS = YES_ERROR;
				CLANG_WARN_QUOTED_INCLUDE_IN_FRAMEWORK_HEADER = YES;
				CLANG_WARN_RANGE_LOOP_ANALYSIS = YES;
				CLANG_WARN_STRICT_PROTOTYPES = YES;
				CLANG_WARN_SUSPICIOUS_MOVE = YES;
				CLANG_WARN_UNGUARDED_AVAILABILITY = YES_AGGRESSIVE;
				CLANG_WARN_UNREACHABLE_CODE = YES;
				CLANG_WARN__DUPLICATE_METHOD_MATCH = YES;
				COPY_PHASE_STRIP = NO;
				DEBUG_INFORMATION_FORMAT = "dwarf-with-dsym";
				ENABLE_NS_ASSERTIONS = NO;
				ENABLE_STRICT_OBJC_MSGSEND = YES;
				ENABLE_USER_SCRIPT_SANDBOXING = YES;
				GCC_C_LANGUAGE_STANDARD = gnu17;
				GCC_NO_COMMON_BLOCKS = YES;
				GCC_WARN_64_TO_32_BIT_CONVERSION = YES;
				GCC_WARN_ABOUT_RETURN_TYPE = YES_ERROR;
				GCC_WARN_UNDECLARED_SELECTOR = YES;
				GCC_WARN_UNINITIALIZED_AUTOS = YES_AGGRESSIVE;
				GCC_WARN_UNUSED_FUNCTION = YES;
				GCC_WARN_UNUSED_VARIABLE = YES;
				LOCALIZATION_PREFERS_STRING_CATALOGS = YES;
				MTL_ENABLE_DEBUG_INFO = NO;
				MTL_FAST_MATH = YES;
				SWIFT_COMPILATION_MODE = wholemodule;
			};
			name = Release;
		};
		7D3E72842B5D31C6009C57F5 /* Debug */ = {
			isa = XCBuildConfiguration;
			baseConfigurationReference = 90DA5DD5B8865902CBF6FB64 /* Pods-Hong Kong Bus ETA.debug.xcconfig */;
			buildSettings = {
				ASSETCATALOG_COMPILER_APPICON_NAME = AppIcon;
				ASSETCATALOG_COMPILER_GLOBAL_ACCENT_COLOR_NAME = AccentColor;
				CODE_SIGN_ENTITLEMENTS = "Hong Kong Bus ETA/Hong_Kong_Bus_ETA.entitlements";
				CODE_SIGN_STYLE = Automatic;
				CURRENT_PROJECT_VERSION = 1;
				DEVELOPMENT_ASSET_PATHS = "\"Hong Kong Bus ETA/Preview Content\"";
				DEVELOPMENT_TEAM = 9Q4R7U9T9F;
				ENABLE_PREVIEWS = YES;
				ENABLE_USER_SCRIPT_SANDBOXING = NO;
				GENERATE_INFOPLIST_FILE = YES;
				INFOPLIST_FILE = "Hong-Kong-Bus-ETA-Info.plist";
				"INFOPLIST_KEY_UIApplicationSceneManifest_Generation[sdk=iphoneos*]" = YES;
				"INFOPLIST_KEY_UIApplicationSceneManifest_Generation[sdk=iphonesimulator*]" = YES;
				"INFOPLIST_KEY_UIApplicationSupportsIndirectInputEvents[sdk=iphoneos*]" = YES;
				"INFOPLIST_KEY_UIApplicationSupportsIndirectInputEvents[sdk=iphonesimulator*]" = YES;
				"INFOPLIST_KEY_UILaunchScreen_Generation[sdk=iphoneos*]" = YES;
				"INFOPLIST_KEY_UILaunchScreen_Generation[sdk=iphonesimulator*]" = YES;
				"INFOPLIST_KEY_UIStatusBarStyle[sdk=iphoneos*]" = UIStatusBarStyleDefault;
				"INFOPLIST_KEY_UIStatusBarStyle[sdk=iphonesimulator*]" = UIStatusBarStyleDefault;
				INFOPLIST_KEY_UISupportedInterfaceOrientations = UIInterfaceOrientationPortrait;
				INFOPLIST_KEY_UISupportedInterfaceOrientations_iPad = "UIInterfaceOrientationLandscapeLeft UIInterfaceOrientationLandscapeRight UIInterfaceOrientationPortrait UIInterfaceOrientationPortraitUpsideDown";
				IPHONEOS_DEPLOYMENT_TARGET = 17;
				LD_RUNPATH_SEARCH_PATHS = "@executable_path/Frameworks";
				"LD_RUNPATH_SEARCH_PATHS[sdk=macosx*]" = "@executable_path/../Frameworks";
				MACOSX_DEPLOYMENT_TARGET = 14.0;
				MARKETING_VERSION = 1.0;
				PRODUCT_BUNDLE_IDENTIFIER = com.gordonthedeveloper.hkbuseta;
				PRODUCT_NAME = "$(TARGET_NAME)";
				SDKROOT = auto;
				SUPPORTED_PLATFORMS = "iphoneos iphonesimulator";
				SUPPORTS_MACCATALYST = NO;
				SWIFT_EMIT_LOC_STRINGS = YES;
				SWIFT_VERSION = 5.0;
				TARGETED_DEVICE_FAMILY = 1;
			};
			name = Debug;
		};
		7D3E72852B5D31C6009C57F5 /* Release */ = {
			isa = XCBuildConfiguration;
			baseConfigurationReference = 389C2C787A5617E5B1365371 /* Pods-Hong Kong Bus ETA.release.xcconfig */;
			buildSettings = {
				ASSETCATALOG_COMPILER_APPICON_NAME = AppIcon;
				ASSETCATALOG_COMPILER_GLOBAL_ACCENT_COLOR_NAME = AccentColor;
				CODE_SIGN_ENTITLEMENTS = "Hong Kong Bus ETA/Hong_Kong_Bus_ETA.entitlements";
				CODE_SIGN_STYLE = Automatic;
				CURRENT_PROJECT_VERSION = 1;
				DEVELOPMENT_ASSET_PATHS = "\"Hong Kong Bus ETA/Preview Content\"";
				DEVELOPMENT_TEAM = 9Q4R7U9T9F;
				ENABLE_PREVIEWS = YES;
				ENABLE_USER_SCRIPT_SANDBOXING = NO;
				GENERATE_INFOPLIST_FILE = YES;
				INFOPLIST_FILE = "Hong-Kong-Bus-ETA-Info.plist";
				"INFOPLIST_KEY_UIApplicationSceneManifest_Generation[sdk=iphoneos*]" = YES;
				"INFOPLIST_KEY_UIApplicationSceneManifest_Generation[sdk=iphonesimulator*]" = YES;
				"INFOPLIST_KEY_UIApplicationSupportsIndirectInputEvents[sdk=iphoneos*]" = YES;
				"INFOPLIST_KEY_UIApplicationSupportsIndirectInputEvents[sdk=iphonesimulator*]" = YES;
				"INFOPLIST_KEY_UILaunchScreen_Generation[sdk=iphoneos*]" = YES;
				"INFOPLIST_KEY_UILaunchScreen_Generation[sdk=iphonesimulator*]" = YES;
				"INFOPLIST_KEY_UIStatusBarStyle[sdk=iphoneos*]" = UIStatusBarStyleDefault;
				"INFOPLIST_KEY_UIStatusBarStyle[sdk=iphonesimulator*]" = UIStatusBarStyleDefault;
				INFOPLIST_KEY_UISupportedInterfaceOrientations = UIInterfaceOrientationPortrait;
				INFOPLIST_KEY_UISupportedInterfaceOrientations_iPad = "UIInterfaceOrientationLandscapeLeft UIInterfaceOrientationLandscapeRight UIInterfaceOrientationPortrait UIInterfaceOrientationPortraitUpsideDown";
				IPHONEOS_DEPLOYMENT_TARGET = 17;
				LD_RUNPATH_SEARCH_PATHS = "@executable_path/Frameworks";
				"LD_RUNPATH_SEARCH_PATHS[sdk=macosx*]" = "@executable_path/../Frameworks";
				MACOSX_DEPLOYMENT_TARGET = 14.0;
				MARKETING_VERSION = 1.0;
				PRODUCT_BUNDLE_IDENTIFIER = com.gordonthedeveloper.hkbuseta;
				PRODUCT_NAME = "$(TARGET_NAME)";
				SDKROOT = auto;
				SUPPORTED_PLATFORMS = "iphoneos iphonesimulator";
				SUPPORTS_MACCATALYST = NO;
				SWIFT_EMIT_LOC_STRINGS = YES;
				SWIFT_VERSION = 5.0;
				TARGETED_DEVICE_FAMILY = 1;
			};
			name = Release;
		};
/* End XCBuildConfiguration section */

/* Begin XCConfigurationList section */
		7D3E726D2B5D31C4009C57F5 /* Build configuration list for PBXProject "Hong Kong Bus ETA" */ = {
			isa = XCConfigurationList;
			buildConfigurations = (
				7D3E72812B5D31C6009C57F5 /* Debug */,
				7D3E72822B5D31C6009C57F5 /* Release */,
			);
			defaultConfigurationIsVisible = 0;
			defaultConfigurationName = Release;
		};
		7D3E72832B5D31C6009C57F5 /* Build configuration list for PBXNativeTarget "Hong Kong Bus ETA" */ = {
			isa = XCConfigurationList;
			buildConfigurations = (
				7D3E72842B5D31C6009C57F5 /* Debug */,
				7D3E72852B5D31C6009C57F5 /* Release */,
			);
			defaultConfigurationIsVisible = 0;
			defaultConfigurationName = Release;
		};
/* End XCConfigurationList section */
	};
	rootObject = 7D3E726A2B5D31C4009C57F5 /* Project object */;
}
